
Microsoft Visual Studio Solution File, Format Version 12.00
# Visual Studio 14
VisualStudioVersion = 14.0.25420.1
MinimumVisualStudioVersion = 10.0.40219.1
Project("{FAE04EC0-301F-11D3-BF4B-00C04F79EFBC}") = "pizzacım", "pizzacım\pizzacım.csproj", "{BEAD4AA4-5C92-4132-801B-D9A67B840033}"
EndProject
Global
	GlobalSection(SolutionConfigurationPlatforms) = preSolution
		Debug|Any CPU = Debug|Any CPU
		Release|Any CPU = Release|Any CPU
	EndGlobalSection
	GlobalSection(ProjectConfigurationPlatforms) = postSolution
		{BEAD4AA4-5C92-4132-801B-D9A67B840033}.Debug|Any CPU.ActiveCfg = Debug|Any CPU
		{BEAD4AA4-5C92-4132-801B-D9A67B840033}.Debug|Any CPU.Build.0 = Debug|Any CPU
		{BEAD4AA4-5C92-4132-801B-D9A67B840033}.Release|Any CPU.ActiveCfg = Release|Any CPU
		{BEAD4AA4-5C92-4132-801B-D9A67B840033}.Release|Any CPU.Build.0 = Release|Any CPU
	EndGlobalSection
	GlobalSection(SolutionProperties) = preSolution
		HideSolutionNode = FALSE
	EndGlobalSection
EndGlobal
